// !$*UTF8*$!
{
	archiveVersion = 1;
	classes = {
	};
	objectVersion = 46;
	objects = {

/* Begin PBXBuildFile section */
		4E00618B1574E5BF00C7A42A /* CurrentLocationAnnotation.m in Sources */ = {isa = PBXBuildFile; fileRef = 4E00618A1574E5BF00C7A42A /* CurrentLocationAnnotation.m */; };
		4E00618E1575070900C7A42A /* loc2.gpx in Resources */ = {isa = PBXBuildFile; fileRef = 4E00618D1575070900C7A42A /* loc2.gpx */; };
		4E0061901575078400C7A42A /* loc1.gpx in Resources */ = {isa = PBXBuildFile; fileRef = 4E00618F1575078400C7A42A /* loc1.gpx */; };
		4E14FFA4156E97EE00C5E064 /* CoreLocation.framework in Frameworks */ = {isa = PBXBuildFile; fileRef = 4E14FFA3156E97EE00C5E064 /* CoreLocation.framework */; };
		4E1F19A81566A034001B333D /* BZFoursquare.m in Sources */ = {isa = PBXBuildFile; fileRef = 4E1F19A51566A034001B333D /* BZFoursquare.m */; settings = {COMPILER_FLAGS = "-fno-objc-arc"; }; };
		4E1F19A91566A034001B333D /* BZFoursquareRequest.m in Sources */ = {isa = PBXBuildFile; fileRef = 4E1F19A71566A034001B333D /* BZFoursquareRequest.m */; settings = {COMPILER_FLAGS = "-fno-objc-arc"; }; };
		4E1F19AC1566A0D3001B333D /* MobileCoreServices.framework in Frameworks */ = {isa = PBXBuildFile; fileRef = 4E1F19AB1566A0D3001B333D /* MobileCoreServices.framework */; };
		4E1F19C01567EAA2001B333D /* Destination.m in Sources */ = {isa = PBXBuildFile; fileRef = 4E1F19BF1567EAA2001B333D /* Destination.m */; };
		4E4D884A1573B7BE000AF740 /* CurrentLocationAnnotationView.m in Sources */ = {isa = PBXBuildFile; fileRef = 4E4D88491573B7BE000AF740 /* CurrentLocationAnnotationView.m */; };
		4E7BB4DF1551B88E00926C0B /* UIKit.framework in Frameworks */ = {isa = PBXBuildFile; fileRef = 4E7BB4DE1551B88E00926C0B /* UIKit.framework */; };
		4E7BB4E11551B88E00926C0B /* Foundation.framework in Frameworks */ = {isa = PBXBuildFile; fileRef = 4E7BB4E01551B88E00926C0B /* Foundation.framework */; };
		4E7BB4E31551B88E00926C0B /* CoreGraphics.framework in Frameworks */ = {isa = PBXBuildFile; fileRef = 4E7BB4E21551B88E00926C0B /* CoreGraphics.framework */; };
		4E7BB4E91551B88E00926C0B /* InfoPlist.strings in Resources */ = {isa = PBXBuildFile; fileRef = 4E7BB4E71551B88E00926C0B /* InfoPlist.strings */; };
		4E7BB4EB1551B88E00926C0B /* main.m in Sources */ = {isa = PBXBuildFile; fileRef = 4E7BB4EA1551B88E00926C0B /* main.m */; };
		4E7BB4EF1551B88E00926C0B /* AppDelegate.m in Sources */ = {isa = PBXBuildFile; fileRef = 4E7BB4EE1551B88E00926C0B /* AppDelegate.m */; };
		4E7BB4F21551B88E00926C0B /* MainStoryboard.storyboard in Resources */ = {isa = PBXBuildFile; fileRef = 4E7BB4F01551B88E00926C0B /* MainStoryboard.storyboard */; };
		4E7BB4F51551B88E00926C0B /* MainViewController.m in Sources */ = {isa = PBXBuildFile; fileRef = 4E7BB4F41551B88E00926C0B /* MainViewController.m */; };
		4E7BB4FC1551C38B00926C0B /* MapKit.framework in Frameworks */ = {isa = PBXBuildFile; fileRef = 4E7BB4FB1551C38B00926C0B /* MapKit.framework */; };
		4E9227FE1579265D00C3BEBA /* TransitProvider.m in Sources */ = {isa = PBXBuildFile; fileRef = 4E9227FD1579265D00C3BEBA /* TransitProvider.m */; };
		4E922800157933DB00C3BEBA /* govi.json in Resources */ = {isa = PBXBuildFile; fileRef = 4E9227FF157933DB00C3BEBA /* govi.json */; };
		FB6EA2AD32414599BDE5DDF5 /* libPods.a in Frameworks */ = {isa = PBXBuildFile; fileRef = 9D6EE4CA64D54A0493EC81E4 /* libPods.a */; };
/* End PBXBuildFile section */

/* Begin PBXFileReference section */
		4E0061891574E5BF00C7A42A /* CurrentLocationAnnotation.h */ = {isa = PBXFileReference; fileEncoding = 4; lastKnownFileType = sourcecode.c.h; path = CurrentLocationAnnotation.h; sourceTree = "<group>"; };
		4E00618A1574E5BF00C7A42A /* CurrentLocationAnnotation.m */ = {isa = PBXFileReference; fileEncoding = 4; lastKnownFileType = sourcecode.c.objc; path = CurrentLocationAnnotation.m; sourceTree = "<group>"; };
		4E00618D1575070900C7A42A /* loc2.gpx */ = {isa = PBXFileReference; fileEncoding = 4; lastKnownFileType = text; path = loc2.gpx; sourceTree = "<group>"; };
		4E00618F1575078400C7A42A /* loc1.gpx */ = {isa = PBXFileReference; fileEncoding = 4; lastKnownFileType = text.xml; path = loc1.gpx; sourceTree = "<group>"; };
		4E14FFA3156E97EE00C5E064 /* CoreLocation.framework */ = {isa = PBXFileReference; lastKnownFileType = wrapper.framework; name = CoreLocation.framework; path = System/Library/Frameworks/CoreLocation.framework; sourceTree = SDKROOT; };
		4E1F19A41566A034001B333D /* BZFoursquare.h */ = {isa = PBXFileReference; fileEncoding = 4; lastKnownFileType = sourcecode.c.h; path = BZFoursquare.h; sourceTree = "<group>"; };
		4E1F19A51566A034001B333D /* BZFoursquare.m */ = {isa = PBXFileReference; fileEncoding = 4; lastKnownFileType = sourcecode.c.objc; path = BZFoursquare.m; sourceTree = "<group>"; };
		4E1F19A61566A034001B333D /* BZFoursquareRequest.h */ = {isa = PBXFileReference; fileEncoding = 4; lastKnownFileType = sourcecode.c.h; path = BZFoursquareRequest.h; sourceTree = "<group>"; };
		4E1F19A71566A034001B333D /* BZFoursquareRequest.m */ = {isa = PBXFileReference; fileEncoding = 4; lastKnownFileType = sourcecode.c.objc; path = BZFoursquareRequest.m; sourceTree = "<group>"; };
		4E1F19AB1566A0D3001B333D /* MobileCoreServices.framework */ = {isa = PBXFileReference; lastKnownFileType = wrapper.framework; name = MobileCoreServices.framework; path = System/Library/Frameworks/MobileCoreServices.framework; sourceTree = SDKROOT; };
		4E1F19BE1567EAA2001B333D /* Destination.h */ = {isa = PBXFileReference; fileEncoding = 4; lastKnownFileType = sourcecode.c.h; path = Destination.h; sourceTree = "<group>"; };
		4E1F19BF1567EAA2001B333D /* Destination.m */ = {isa = PBXFileReference; fileEncoding = 4; lastKnownFileType = sourcecode.c.objc; path = Destination.m; sourceTree = "<group>"; };
		4E4D88481573B7BE000AF740 /* CurrentLocationAnnotationView.h */ = {isa = PBXFileReference; fileEncoding = 4; lastKnownFileType = sourcecode.c.h; path = CurrentLocationAnnotationView.h; sourceTree = "<group>"; };
		4E4D88491573B7BE000AF740 /* CurrentLocationAnnotationView.m */ = {isa = PBXFileReference; fileEncoding = 4; lastKnownFileType = sourcecode.c.objc; path = CurrentLocationAnnotationView.m; sourceTree = "<group>"; };
		4E7BB4DA1551B88E00926C0B /* Transiter.app */ = {isa = PBXFileReference; explicitFileType = wrapper.application; includeInIndex = 0; path = Transiter.app; sourceTree = BUILT_PRODUCTS_DIR; };
		4E7BB4DE1551B88E00926C0B /* UIKit.framework */ = {isa = PBXFileReference; lastKnownFileType = wrapper.framework; name = UIKit.framework; path = System/Library/Frameworks/UIKit.framework; sourceTree = SDKROOT; };
		4E7BB4E01551B88E00926C0B /* Foundation.framework */ = {isa = PBXFileReference; lastKnownFileType = wrapper.framework; name = Foundation.framework; path = System/Library/Frameworks/Foundation.framework; sourceTree = SDKROOT; };
		4E7BB4E21551B88E00926C0B /* CoreGraphics.framework */ = {isa = PBXFileReference; lastKnownFileType = wrapper.framework; name = CoreGraphics.framework; path = System/Library/Frameworks/CoreGraphics.framework; sourceTree = SDKROOT; };
		4E7BB4E61551B88E00926C0B /* Transiter-Info.plist */ = {isa = PBXFileReference; lastKnownFileType = text.plist.xml; path = "Transiter-Info.plist"; sourceTree = "<group>"; };
		4E7BB4E81551B88E00926C0B /* en */ = {isa = PBXFileReference; lastKnownFileType = text.plist.strings; name = en; path = en.lproj/InfoPlist.strings; sourceTree = "<group>"; };
		4E7BB4EA1551B88E00926C0B /* main.m */ = {isa = PBXFileReference; lastKnownFileType = sourcecode.c.objc; path = main.m; sourceTree = "<group>"; };
		4E7BB4EC1551B88E00926C0B /* Transiter-Prefix.pch */ = {isa = PBXFileReference; lastKnownFileType = sourcecode.c.h; path = "Transiter-Prefix.pch"; sourceTree = "<group>"; };
		4E7BB4ED1551B88E00926C0B /* AppDelegate.h */ = {isa = PBXFileReference; lastKnownFileType = sourcecode.c.h; path = AppDelegate.h; sourceTree = "<group>"; };
		4E7BB4EE1551B88E00926C0B /* AppDelegate.m */ = {isa = PBXFileReference; lastKnownFileType = sourcecode.c.objc; path = AppDelegate.m; sourceTree = "<group>"; };
		4E7BB4F11551B88E00926C0B /* en */ = {isa = PBXFileReference; lastKnownFileType = file.storyboard; name = en; path = en.lproj/MainStoryboard.storyboard; sourceTree = "<group>"; };
		4E7BB4F31551B88E00926C0B /* MainViewController.h */ = {isa = PBXFileReference; lastKnownFileType = sourcecode.c.h; path = MainViewController.h; sourceTree = "<group>"; };
		4E7BB4F41551B88E00926C0B /* MainViewController.m */ = {isa = PBXFileReference; lastKnownFileType = sourcecode.c.objc; path = MainViewController.m; sourceTree = "<group>"; };
		4E7BB4FB1551C38B00926C0B /* MapKit.framework */ = {isa = PBXFileReference; lastKnownFileType = wrapper.framework; name = MapKit.framework; path = System/Library/Frameworks/MapKit.framework; sourceTree = SDKROOT; };
		4E9227FC1579265D00C3BEBA /* TransitProvider.h */ = {isa = PBXFileReference; fileEncoding = 4; lastKnownFileType = sourcecode.c.h; path = TransitProvider.h; sourceTree = "<group>"; };
		4E9227FD1579265D00C3BEBA /* TransitProvider.m */ = {isa = PBXFileReference; fileEncoding = 4; lastKnownFileType = sourcecode.c.objc; path = TransitProvider.m; sourceTree = "<group>"; };
		4E9227FF157933DB00C3BEBA /* govi.json */ = {isa = PBXFileReference; fileEncoding = 4; lastKnownFileType = text.json; path = govi.json; sourceTree = "<group>"; };
		9D6EE4CA64D54A0493EC81E4 /* libPods.a */ = {isa = PBXFileReference; explicitFileType = archive.ar; includeInIndex = 0; path = libPods.a; sourceTree = BUILT_PRODUCTS_DIR; };
		AEA83963BE2B4294956CBBC7 /* Pods.xcconfig */ = {isa = PBXFileReference; lastKnownFileType = text.xcconfig; name = Pods.xcconfig; path = Pods/Pods.xcconfig; sourceTree = SOURCE_ROOT; };
/* End PBXFileReference section */

/* Begin PBXFrameworksBuildPhase section */
		4E7BB4D71551B88E00926C0B /* Frameworks */ = {
			isa = PBXFrameworksBuildPhase;
			buildActionMask = 2147483647;
			files = (
				4E14FFA4156E97EE00C5E064 /* CoreLocation.framework in Frameworks */,
				4E1F19AC1566A0D3001B333D /* MobileCoreServices.framework in Frameworks */,
				4E7BB4FC1551C38B00926C0B /* MapKit.framework in Frameworks */,
				4E7BB4DF1551B88E00926C0B /* UIKit.framework in Frameworks */,
				4E7BB4E11551B88E00926C0B /* Foundation.framework in Frameworks */,
				4E7BB4E31551B88E00926C0B /* CoreGraphics.framework in Frameworks */,
				FB6EA2AD32414599BDE5DDF5 /* libPods.a in Frameworks */,
			);
			runOnlyForDeploymentPostprocessing = 0;
		};
/* End PBXFrameworksBuildPhase section */

/* Begin PBXGroup section */
		4E1F19A31566A034001B333D /* BZFoursquare */ = {
			isa = PBXGroup;
			children = (
				4E1F19A41566A034001B333D /* BZFoursquare.h */,
				4E1F19A51566A034001B333D /* BZFoursquare.m */,
				4E1F19A61566A034001B333D /* BZFoursquareRequest.h */,
				4E1F19A71566A034001B333D /* BZFoursquareRequest.m */,
			);
			path = BZFoursquare;
			sourceTree = "<group>";
		};
		4E7BB4CF1551B88E00926C0B = {
			isa = PBXGroup;
			children = (
				4E14FFA3156E97EE00C5E064 /* CoreLocation.framework */,
				4E1F19AB1566A0D3001B333D /* MobileCoreServices.framework */,
				4E7BB4FB1551C38B00926C0B /* MapKit.framework */,
				4E7BB4E41551B88E00926C0B /* Transiter */,
				4E7BB4DD1551B88E00926C0B /* Frameworks */,
				4E7BB4DB1551B88E00926C0B /* Products */,
				AEA83963BE2B4294956CBBC7 /* Pods.xcconfig */,
			);
			sourceTree = "<group>";
		};
		4E7BB4DB1551B88E00926C0B /* Products */ = {
			isa = PBXGroup;
			children = (
				4E7BB4DA1551B88E00926C0B /* Transiter.app */,
			);
			name = Products;
			sourceTree = "<group>";
		};
		4E7BB4DD1551B88E00926C0B /* Frameworks */ = {
			isa = PBXGroup;
			children = (
				4E7BB4DE1551B88E00926C0B /* UIKit.framework */,
				4E7BB4E01551B88E00926C0B /* Foundation.framework */,
				4E7BB4E21551B88E00926C0B /* CoreGraphics.framework */,
				9D6EE4CA64D54A0493EC81E4 /* libPods.a */,
			);
			name = Frameworks;
			sourceTree = "<group>";
		};
		4E7BB4E41551B88E00926C0B /* Transiter */ = {
			isa = PBXGroup;
			children = (
				4E7BB4ED1551B88E00926C0B /* AppDelegate.h */,
				4E7BB4EE1551B88E00926C0B /* AppDelegate.m */,
				4E1F19A31566A034001B333D /* BZFoursquare */,
				4E0061891574E5BF00C7A42A /* CurrentLocationAnnotation.h */,
				4E00618A1574E5BF00C7A42A /* CurrentLocationAnnotation.m */,
				4E4D88481573B7BE000AF740 /* CurrentLocationAnnotationView.h */,
				4E4D88491573B7BE000AF740 /* CurrentLocationAnnotationView.m */,
				4E1F19BE1567EAA2001B333D /* Destination.h */,
				4E1F19BF1567EAA2001B333D /* Destination.m */,
				4E7BB4F01551B88E00926C0B /* MainStoryboard.storyboard */,
				4E7BB4F31551B88E00926C0B /* MainViewController.h */,
				4E7BB4F41551B88E00926C0B /* MainViewController.m */,
				4E9227FC1579265D00C3BEBA /* TransitProvider.h */,
				4E9227FD1579265D00C3BEBA /* TransitProvider.m */,
				4E7BB4E51551B88E00926C0B /* Supporting Files */,
			);
			path = Transiter;
			sourceTree = "<group>";
		};
		4E7BB4E51551B88E00926C0B /* Supporting Files */ = {
			isa = PBXGroup;
			children = (
				4E9227FF157933DB00C3BEBA /* govi.json */,
				4E00618F1575078400C7A42A /* loc1.gpx */,
				4E00618D1575070900C7A42A /* loc2.gpx */,
				4E7BB4E61551B88E00926C0B /* Transiter-Info.plist */,
				4E7BB4E71551B88E00926C0B /* InfoPlist.strings */,
				4E7BB4EA1551B88E00926C0B /* main.m */,
				4E7BB4EC1551B88E00926C0B /* Transiter-Prefix.pch */,
			);
			name = "Supporting Files";
			sourceTree = "<group>";
		};
/* End PBXGroup section */

/* Begin PBXNativeTarget section */
		4E7BB4D91551B88E00926C0B /* Transiter */ = {
			isa = PBXNativeTarget;
			buildConfigurationList = 4E7BB4F81551B88E00926C0B /* Build configuration list for PBXNativeTarget "Transiter" */;
			buildPhases = (
				4E7BB4D61551B88E00926C0B /* Sources */,
				4E7BB4D71551B88E00926C0B /* Frameworks */,
				4E7BB4D81551B88E00926C0B /* Resources */,
				6A866EDB571C48D2B72D7F8F /* Copy Pods Resources */,
			);
			buildRules = (
			);
			dependencies = (
			);
			name = Transiter;
			productName = Transiter;
			productReference = 4E7BB4DA1551B88E00926C0B /* Transiter.app */;
			productType = "com.apple.product-type.application";
		};
/* End PBXNativeTarget section */

/* Begin PBXProject section */
		4E7BB4D11551B88E00926C0B /* Project object */ = {
			isa = PBXProject;
			attributes = {
				LastUpgradeCheck = 0430;
				ORGANIZATIONNAME = "Aardverschuiving Media";
			};
			buildConfigurationList = 4E7BB4D41551B88E00926C0B /* Build configuration list for PBXProject "Transiter" */;
			compatibilityVersion = "Xcode 3.2";
			developmentRegion = English;
			hasScannedForEncodings = 0;
			knownRegions = (
				en,
			);
			mainGroup = 4E7BB4CF1551B88E00926C0B;
			productRefGroup = 4E7BB4DB1551B88E00926C0B /* Products */;
			projectDirPath = "";
			projectRoot = "";
			targets = (
				4E7BB4D91551B88E00926C0B /* Transiter */,
			);
		};
/* End PBXProject section */

/* Begin PBXResourcesBuildPhase section */
		4E7BB4D81551B88E00926C0B /* Resources */ = {
			isa = PBXResourcesBuildPhase;
			buildActionMask = 2147483647;
			files = (
				4E7BB4E91551B88E00926C0B /* InfoPlist.strings in Resources */,
				4E7BB4F21551B88E00926C0B /* MainStoryboard.storyboard in Resources */,
				4E00618E1575070900C7A42A /* loc2.gpx in Resources */,
				4E0061901575078400C7A42A /* loc1.gpx in Resources */,
				4E922800157933DB00C3BEBA /* govi.json in Resources */,
			);
			runOnlyForDeploymentPostprocessing = 0;
		};
/* End PBXResourcesBuildPhase section */

/* Begin PBXShellScriptBuildPhase section */
		6A866EDB571C48D2B72D7F8F /* Copy Pods Resources */ = {
			isa = PBXShellScriptBuildPhase;
			buildActionMask = 2147483647;
			files = (
			);
			inputPaths = (
			);
			name = "Copy Pods Resources";
			outputPaths = (
			);
			runOnlyForDeploymentPostprocessing = 0;
			shellPath = /bin/sh;
			shellScript = "\"${SRCROOT}/Pods/Pods-resources.sh\"\n";
		};
/* End PBXShellScriptBuildPhase section */

/* Begin PBXSourcesBuildPhase section */
		4E7BB4D61551B88E00926C0B /* Sources */ = {
			isa = PBXSourcesBuildPhase;
			buildActionMask = 2147483647;
			files = (
				4E7BB4EB1551B88E00926C0B /* main.m in Sources */,
				4E7BB4EF1551B88E00926C0B /* AppDelegate.m in Sources */,
				4E7BB4F51551B88E00926C0B /* MainViewController.m in Sources */,
				4E1F19A81566A034001B333D /* BZFoursquare.m in Sources */,
				4E1F19A91566A034001B333D /* BZFoursquareRequest.m in Sources */,
				4E1F19C01567EAA2001B333D /* Destination.m in Sources */,
				4E4D884A1573B7BE000AF740 /* CurrentLocationAnnotationView.m in Sources */,
				4E00618B1574E5BF00C7A42A /* CurrentLocationAnnotation.m in Sources */,
				4E9227FE1579265D00C3BEBA /* TransitProvider.m in Sources */,
			);
			runOnlyForDeploymentPostprocessing = 0;
		};
/* End PBXSourcesBuildPhase section */

/* Begin PBXVariantGroup section */
		4E7BB4E71551B88E00926C0B /* InfoPlist.strings */ = {
			isa = PBXVariantGroup;
			children = (
				4E7BB4E81551B88E00926C0B /* en */,
			);
			name = InfoPlist.strings;
			sourceTree = "<group>";
		};
		4E7BB4F01551B88E00926C0B /* MainStoryboard.storyboard */ = {
			isa = PBXVariantGroup;
			children = (
				4E7BB4F11551B88E00926C0B /* en */,
			);
			name = MainStoryboard.storyboard;
			sourceTree = "<group>";
		};
/* End PBXVariantGroup section */

/* Begin XCBuildConfiguration section */
		4E7BB4F61551B88E00926C0B /* Debug */ = {
			isa = XCBuildConfiguration;
			buildSettings = {
				ALWAYS_SEARCH_USER_PATHS = NO;
				ARCHS = "$(ARCHS_STANDARD_32_BIT)";
				CLANG_ENABLE_OBJC_ARC = YES;
				"CODE_SIGN_IDENTITY[sdk=iphoneos*]" = "iPhone Developer";
				COPY_PHASE_STRIP = NO;
				GCC_C_LANGUAGE_STANDARD = gnu99;
				GCC_DYNAMIC_NO_PIC = NO;
				GCC_OPTIMIZATION_LEVEL = 0;
				GCC_PREPROCESSOR_DEFINITIONS = (
					"DEBUG=1",
					"$(inherited)",
				);
				GCC_SYMBOLS_PRIVATE_EXTERN = NO;
				GCC_VERSION = com.apple.compilers.llvm.clang.1_0;
				GCC_WARN_ABOUT_RETURN_TYPE = YES;
				GCC_WARN_UNINITIALIZED_AUTOS = YES;
				GCC_WARN_UNUSED_VARIABLE = YES;
				IPHONEOS_DEPLOYMENT_TARGET = 5.1;
				SDKROOT = iphoneos;
			};
			name = Debug;
		};
		4E7BB4F71551B88E00926C0B /* Release */ = {
			isa = XCBuildConfiguration;
			buildSettings = {
				ALWAYS_SEARCH_USER_PATHS = NO;
				ARCHS = "$(ARCHS_STANDARD_32_BIT)";
				CLANG_ENABLE_OBJC_ARC = YES;
				"CODE_SIGN_IDENTITY[sdk=iphoneos*]" = "iPhone Developer";
				COPY_PHASE_STRIP = YES;
				GCC_C_LANGUAGE_STANDARD = gnu99;
				GCC_VERSION = com.apple.compilers.llvm.clang.1_0;
				GCC_WARN_ABOUT_RETURN_TYPE = YES;
				GCC_WARN_UNINITIALIZED_AUTOS = YES;
				GCC_WARN_UNUSED_VARIABLE = YES;
				IPHONEOS_DEPLOYMENT_TARGET = 5.1;
				OTHER_CFLAGS = "-DNS_BLOCK_ASSERTIONS=1";
				SDKROOT = iphoneos;
				VALIDATE_PRODUCT = YES;
			};
			name = Release;
		};
		4E7BB4F91551B88E00926C0B /* Debug */ = {
			isa = XCBuildConfiguration;
			baseConfigurationReference = AEA83963BE2B4294956CBBC7 /* Pods.xcconfig */;
			buildSettings = {
				DSTROOT = /tmp/xcodeproj.dst;
				GCC_PRECOMPILE_PREFIX_HEADER = YES;
				GCC_PREFIX_HEADER = "Transiter/Transiter-Prefix.pch";
				GCC_VERSION = com.apple.compilers.llvm.clang.1_0;
				INFOPLIST_FILE = "Transiter/Transiter-Info.plist";
				PRODUCT_NAME = "$(TARGET_NAME)";
				SKIP_INSTALL = YES;
				WRAPPER_EXTENSION = app;
			};
			name = Debug;
		};
		4E7BB4FA1551B88E00926C0B /* Release */ = {
			isa = XCBuildConfiguration;
			baseConfigurationReference = AEA83963BE2B4294956CBBC7 /* Pods.xcconfig */;
			buildSettings = {
				DSTROOT = /tmp/xcodeproj.dst;
				GCC_PRECOMPILE_PREFIX_HEADER = YES;
				GCC_PREFIX_HEADER = "Transiter/Transiter-Prefix.pch";
				GCC_VERSION = com.apple.compilers.llvm.clang.1_0;
				INFOPLIST_FILE = "Transiter/Transiter-Info.plist";
				PRODUCT_NAME = "$(TARGET_NAME)";
				SKIP_INSTALL = YES;
				WRAPPER_EXTENSION = app;
			};
			name = Release;
		};
/* End XCBuildConfiguration section */

/* Begin XCConfigurationList section */
		4E7BB4D41551B88E00926C0B /* Build configuration list for PBXProject "Transiter" */ = {
			isa = XCConfigurationList;
			buildConfigurations = (
				4E7BB4F61551B88E00926C0B /* Debug */,
				4E7BB4F71551B88E00926C0B /* Release */,
			);
			defaultConfigurationIsVisible = 0;
			defaultConfigurationName = Release;
		};
		4E7BB4F81551B88E00926C0B /* Build configuration list for PBXNativeTarget "Transiter" */ = {
			isa = XCConfigurationList;
			buildConfigurations = (
				4E7BB4F91551B88E00926C0B /* Debug */,
				4E7BB4FA1551B88E00926C0B /* Release */,
			);
			defaultConfigurationIsVisible = 0;
			defaultConfigurationName = Release;
		};
/* End XCConfigurationList section */
	};
	rootObject = 4E7BB4D11551B88E00926C0B /* Project object */;
}
